
Microsoft Visual Studio Solution File, Format Version 12.00
# Visual Studio 15
VisualStudioVersion = 15.0.28307.902
MinimumVisualStudioVersion = 10.0.40219.1
Project("{FAE04EC0-301F-11D3-BF4B-00C04F79EFBC}") = "Library", "Library2Framework\Library.csproj", "{769E9D1C-FDAC-4C3C-A45E-9399373D7DD5}"
EndProject
Project("{FAE04EC0-301F-11D3-BF4B-00C04F79EFBC}") = "TestNUnit", "TestNUnit\TestNUnit.csproj", "{9F073079-8808-4B5E-A591-23A96DD54F9E}"
EndProject
Global
	GlobalSection(SolutionConfigurationPlatforms) = preSolution
		Debug|Any CPU = Debug|Any CPU
		Release|Any CPU = Release|Any CPU
	EndGlobalSection
	GlobalSection(ProjectConfigurationPlatforms) = postSolution
		{769E9D1C-FDAC-4C3C-A45E-9399373D7DD5}.Debug|Any CPU.ActiveCfg = Debug|Any CPU
		{769E9D1C-FDAC-4C3C-A45E-9399373D7DD5}.Debug|Any CPU.Build.0 = Debug|Any CPU
		{769E9D1C-FDAC-4C3C-A45E-9399373D7DD5}.Release|Any CPU.ActiveCfg = Release|Any CPU
		{769E9D1C-FDAC-4C3C-A45E-9399373D7DD5}.Release|Any CPU.Build.0 = Release|Any CPU
		{9F073079-8808-4B5E-A591-23A96DD54F9E}.Debug|Any CPU.ActiveCfg = Debug|Any CPU
		{9F073079-8808-4B5E-A591-23A96DD54F9E}.Debug|Any CPU.Build.0 = Debug|Any CPU
		{9F073079-8808-4B5E-A591-23A96DD54F9E}.Release|Any CPU.ActiveCfg = Release|Any CPU
		{9F073079-8808-4B5E-A591-23A96DD54F9E}.Release|Any CPU.Build.0 = Release|Any CPU
	EndGlobalSection
	GlobalSection(SolutionProperties) = preSolution
		HideSolutionNode = FALSE
	EndGlobalSection
	GlobalSection(ExtensibilityGlobals) = postSolution
		SolutionGuid = {2B909F36-540B-4B20-91C4-54A6538B3517}
		EnterpriseLibraryConfigurationToolBinariesPathV6 = packages\EnterpriseLibrary.Common.6.0.1304.0\lib\NET45;packages\EnterpriseLibrary.Validation.6.0.1304.0\lib\NET45
	EndGlobalSection
EndGlobal
